
Microsoft Visual Studio Solution File, Format Version 12.00
# Visual Studio Version 16
VisualStudioVersion = 16.0.30011.22
MinimumVisualStudioVersion = 10.0.40219.1
Project("{FAE04EC0-301F-11D3-BF4B-00C04F79EFBC}") = "MonoDetectionTester", "MonoDetectionTester\MonoDetectionTester.csproj", "{8C321AA8-3C1D-4DF6-9BFB-58F25009A952}"
EndProject
Global
	GlobalSection(SolutionConfigurationPlatforms) = preSolution
		Debug|Any CPU = Debug|Any CPU
		Release|Any CPU = Release|Any CPU
	EndGlobalSection
	GlobalSection(ProjectConfigurationPlatforms) = postSolution
		{8C321AA8-3C1D-4DF6-9BFB-58F25009A952}.Debug|Any CPU.ActiveCfg = Debug|Any CPU
		{8C321AA8-3C1D-4DF6-9BFB-58F25009A952}.Debug|Any CPU.Build.0 = Debug|Any CPU
		{8C321AA8-3C1D-4DF6-9BFB-58F25009A952}.Release|Any CPU.ActiveCfg = Release|Any CPU
		{8C321AA8-3C1D-4DF6-9BFB-58F25009A952}.Release|Any CPU.Build.0 = Release|Any CPU
	EndGlobalSection
	GlobalSection(SolutionProperties) = preSolution
		HideSolutionNode = FALSE
	EndGlobalSection
	GlobalSection(ExtensibilityGlobals) = postSolution
		SolutionGuid = {FD7FE6C4-9C94-42CB-83DC-A4909CD9358C}
	EndGlobalSection
EndGlobal
